// !$*UTF8*$!
{
	archiveVersion = 1;
	classes = {
	};
	objectVersion = 48;
	objects = {

/* Begin PBXBuildFile section */
		76140527204FC93900AE1980 /* SIPPhotoPickerViewController.m in Sources */ = {isa = PBXBuildFile; fileRef = 76140526204FC93900AE1980 /* SIPPhotoPickerViewController.m */; };
		7614052C205024D900AE1980 /* UIImage + Ext.m in Sources */ = {isa = PBXBuildFile; fileRef = 7614052B205024D900AE1980 /* UIImage + Ext.m */; };
		7614053120502D7C00AE1980 /* SIPImageProcessor.m in Sources */ = {isa = PBXBuildFile; fileRef = 7614053020502D7C00AE1980 /* SIPImageProcessor.m */; };
		7614053520503F1600AE1980 /* SIPProcessedObject.m in Sources */ = {isa = PBXBuildFile; fileRef = 7614053420503F1600AE1980 /* SIPProcessedObject.m */; };
		7614053B2053A76E00AE1980 /* SIPHUDMessage.m in Sources */ = {isa = PBXBuildFile; fileRef = 7614053A2053A76E00AE1980 /* SIPHUDMessage.m */; };
		7614053F20540A6300AE1980 /* SIPPermissionsChecker.m in Sources */ = {isa = PBXBuildFile; fileRef = 7614053E20540A6300AE1980 /* SIPPermissionsChecker.m */; };
		761405432054137600AE1980 /* UIAlertViewController + Ext.m in Sources */ = {isa = PBXBuildFile; fileRef = 761405422054137600AE1980 /* UIAlertViewController + Ext.m */; };
		76932285204D9E040066DDA9 /* AppDelegate.m in Sources */ = {isa = PBXBuildFile; fileRef = 76932284204D9E040066DDA9 /* AppDelegate.m */; };
		7693228D204D9E040066DDA9 /* Assets.xcassets in Resources */ = {isa = PBXBuildFile; fileRef = 7693228C204D9E040066DDA9 /* Assets.xcassets */; };
		76932290204D9E040066DDA9 /* LaunchScreen.storyboard in Resources */ = {isa = PBXBuildFile; fileRef = 7693228E204D9E040066DDA9 /* LaunchScreen.storyboard */; };
		76932293204D9E040066DDA9 /* main.m in Sources */ = {isa = PBXBuildFile; fileRef = 76932292204D9E040066DDA9 /* main.m */; };
		76BA9EC0204F851100A1DEB8 /* SIPFiltersHistoryVC.m in Sources */ = {isa = PBXBuildFile; fileRef = 76BA9EBE204F851100A1DEB8 /* SIPFiltersHistoryVC.m */; };
		76BA9EC1204F851100A1DEB8 /* SIPFiltersHistoryVC.xib in Resources */ = {isa = PBXBuildFile; fileRef = 76BA9EBF204F851100A1DEB8 /* SIPFiltersHistoryVC.xib */; };
		76BA9EC6204F878600A1DEB8 /* SIPFilterButton.m in Sources */ = {isa = PBXBuildFile; fileRef = 76BA9EC5204F878600A1DEB8 /* SIPFilterButton.m */; };
		76BA9ECE204FA23A00A1DEB8 /* SIPFiltersHistoryCell.m in Sources */ = {isa = PBXBuildFile; fileRef = 76BA9ECC204FA23A00A1DEB8 /* SIPFiltersHistoryCell.m */; };
		76BA9ECF204FA23A00A1DEB8 /* SIPFiltersHistoryCell.xib in Resources */ = {isa = PBXBuildFile; fileRef = 76BA9ECD204FA23A00A1DEB8 /* SIPFiltersHistoryCell.xib */; };
		76E4348920541FE4000B5F20 /* Localizable.strings in Resources */ = {isa = PBXBuildFile; fileRef = 76E4348B20541FE4000B5F20 /* Localizable.strings */; };
/* End PBXBuildFile section */

/* Begin PBXFileReference section */
		76140525204FC93900AE1980 /* SIPPhotoPickerViewController.h */ = {isa = PBXFileReference; lastKnownFileType = sourcecode.c.h; path = SIPPhotoPickerViewController.h; sourceTree = "<group>"; };
		76140526204FC93900AE1980 /* SIPPhotoPickerViewController.m */ = {isa = PBXFileReference; lastKnownFileType = sourcecode.c.objc; path = SIPPhotoPickerViewController.m; sourceTree = "<group>"; };
		7614052A205024D900AE1980 /* UIImage + Ext.h */ = {isa = PBXFileReference; lastKnownFileType = sourcecode.c.h; path = "UIImage + Ext.h"; sourceTree = "<group>"; };
		7614052B205024D900AE1980 /* UIImage + Ext.m */ = {isa = PBXFileReference; lastKnownFileType = sourcecode.c.objc; path = "UIImage + Ext.m"; sourceTree = "<group>"; };
		7614052F20502D7C00AE1980 /* SIPImageProcessor.h */ = {isa = PBXFileReference; lastKnownFileType = sourcecode.c.h; path = SIPImageProcessor.h; sourceTree = "<group>"; };
		7614053020502D7C00AE1980 /* SIPImageProcessor.m */ = {isa = PBXFileReference; lastKnownFileType = sourcecode.c.objc; path = SIPImageProcessor.m; sourceTree = "<group>"; };
		7614053320503F1600AE1980 /* SIPProcessedObject.h */ = {isa = PBXFileReference; lastKnownFileType = sourcecode.c.h; path = SIPProcessedObject.h; sourceTree = "<group>"; };
		7614053420503F1600AE1980 /* SIPProcessedObject.m */ = {isa = PBXFileReference; lastKnownFileType = sourcecode.c.objc; path = SIPProcessedObject.m; sourceTree = "<group>"; };
		7614053620503FB400AE1980 /* SIPImageProcessorDelegate.h */ = {isa = PBXFileReference; lastKnownFileType = sourcecode.c.h; path = SIPImageProcessorDelegate.h; sourceTree = "<group>"; };
		761405392053A76E00AE1980 /* SIPHUDMessage.h */ = {isa = PBXFileReference; lastKnownFileType = sourcecode.c.h; path = SIPHUDMessage.h; sourceTree = "<group>"; };
		7614053A2053A76E00AE1980 /* SIPHUDMessage.m */ = {isa = PBXFileReference; lastKnownFileType = sourcecode.c.objc; path = SIPHUDMessage.m; sourceTree = "<group>"; };
		7614053D20540A6300AE1980 /* SIPPermissionsChecker.h */ = {isa = PBXFileReference; lastKnownFileType = sourcecode.c.h; path = SIPPermissionsChecker.h; sourceTree = "<group>"; };
		7614053E20540A6300AE1980 /* SIPPermissionsChecker.m */ = {isa = PBXFileReference; lastKnownFileType = sourcecode.c.objc; path = SIPPermissionsChecker.m; sourceTree = "<group>"; };
		761405412054137600AE1980 /* UIAlertViewController + Ext.h */ = {isa = PBXFileReference; lastKnownFileType = sourcecode.c.h; path = "UIAlertViewController + Ext.h"; sourceTree = "<group>"; };
		761405422054137600AE1980 /* UIAlertViewController + Ext.m */ = {isa = PBXFileReference; lastKnownFileType = sourcecode.c.objc; path = "UIAlertViewController + Ext.m"; sourceTree = "<group>"; };
		768879E42054228400652177 /* ru */ = {isa = PBXFileReference; lastKnownFileType = text.plist.strings; name = ru; path = ru.lproj/LaunchScreen.strings; sourceTree = "<group>"; };
		768879E52054228400652177 /* ru */ = {isa = PBXFileReference; lastKnownFileType = text.plist.strings; name = ru; path = ru.lproj/Localizable.strings; sourceTree = "<group>"; };
		76932280204D9E040066DDA9 /* Sibers Image Processor.app */ = {isa = PBXFileReference; explicitFileType = wrapper.application; includeInIndex = 0; path = "Sibers Image Processor.app"; sourceTree = BUILT_PRODUCTS_DIR; };
		76932283204D9E040066DDA9 /* AppDelegate.h */ = {isa = PBXFileReference; lastKnownFileType = sourcecode.c.h; path = AppDelegate.h; sourceTree = "<group>"; };
		76932284204D9E040066DDA9 /* AppDelegate.m */ = {isa = PBXFileReference; lastKnownFileType = sourcecode.c.objc; path = AppDelegate.m; sourceTree = "<group>"; };
		7693228C204D9E040066DDA9 /* Assets.xcassets */ = {isa = PBXFileReference; lastKnownFileType = folder.assetcatalog; path = Assets.xcassets; sourceTree = "<group>"; };
		7693228F204D9E040066DDA9 /* Base */ = {isa = PBXFileReference; lastKnownFileType = file.storyboard; name = Base; path = Base.lproj/LaunchScreen.storyboard; sourceTree = "<group>"; };
		76932291204D9E040066DDA9 /* Info.plist */ = {isa = PBXFileReference; lastKnownFileType = text.plist.xml; path = Info.plist; sourceTree = "<group>"; };
		76932292204D9E040066DDA9 /* main.m */ = {isa = PBXFileReference; lastKnownFileType = sourcecode.c.objc; path = main.m; sourceTree = "<group>"; };
		76BA9EBD204F851100A1DEB8 /* SIPFiltersHistoryVC.h */ = {isa = PBXFileReference; lastKnownFileType = sourcecode.c.h; path = SIPFiltersHistoryVC.h; sourceTree = "<group>"; };
		76BA9EBE204F851100A1DEB8 /* SIPFiltersHistoryVC.m */ = {isa = PBXFileReference; lastKnownFileType = sourcecode.c.objc; path = SIPFiltersHistoryVC.m; sourceTree = "<group>"; };
		76BA9EBF204F851100A1DEB8 /* SIPFiltersHistoryVC.xib */ = {isa = PBXFileReference; lastKnownFileType = file.xib; path = SIPFiltersHistoryVC.xib; sourceTree = "<group>"; };
		76BA9EC4204F878600A1DEB8 /* SIPFilterButton.h */ = {isa = PBXFileReference; lastKnownFileType = sourcecode.c.h; path = SIPFilterButton.h; sourceTree = "<group>"; };
		76BA9EC5204F878600A1DEB8 /* SIPFilterButton.m */ = {isa = PBXFileReference; lastKnownFileType = sourcecode.c.objc; path = SIPFilterButton.m; sourceTree = "<group>"; };
		76BA9ECB204FA23A00A1DEB8 /* SIPFiltersHistoryCell.h */ = {isa = PBXFileReference; lastKnownFileType = sourcecode.c.h; path = SIPFiltersHistoryCell.h; sourceTree = "<group>"; };
		76BA9ECC204FA23A00A1DEB8 /* SIPFiltersHistoryCell.m */ = {isa = PBXFileReference; lastKnownFileType = sourcecode.c.objc; path = SIPFiltersHistoryCell.m; sourceTree = "<group>"; };
		76BA9ECD204FA23A00A1DEB8 /* SIPFiltersHistoryCell.xib */ = {isa = PBXFileReference; lastKnownFileType = file.xib; path = SIPFiltersHistoryCell.xib; sourceTree = "<group>"; };
		76E4348A20541FE4000B5F20 /* en */ = {isa = PBXFileReference; lastKnownFileType = text.plist.strings; name = en; path = en.lproj/Localizable.strings; sourceTree = "<group>"; };
/* End PBXFileReference section */

/* Begin PBXFrameworksBuildPhase section */
		7693227D204D9E040066DDA9 /* Frameworks */ = {
			isa = PBXFrameworksBuildPhase;
			buildActionMask = 2147483647;
			files = (
			);
			runOnlyForDeploymentPostprocessing = 0;
		};
/* End PBXFrameworksBuildPhase section */

/* Begin PBXGroup section */
		76140524204FC91400AE1980 /* Classes */ = {
			isa = PBXGroup;
			children = (
				7614053C20540A3C00AE1980 /* AppPermissionsChecker */,
				7614053220503EEB00AE1980 /* ProcessedImage */,
				7614052E20502D5E00AE1980 /* ImageProcessor */,
				7614052820501C8D00AE1980 /* ImagePicker */,
			);
			path = Classes;
			sourceTree = "<group>";
		};
		7614052820501C8D00AE1980 /* ImagePicker */ = {
			isa = PBXGroup;
			children = (
				76140525204FC93900AE1980 /* SIPPhotoPickerViewController.h */,
				76140526204FC93900AE1980 /* SIPPhotoPickerViewController.m */,
			);
			path = ImagePicker;
			sourceTree = "<group>";
		};
		761405292050249C00AE1980 /* Utilites */ = {
			isa = PBXGroup;
			children = (
				761405402054134E00AE1980 /* UIAlertController + Ext */,
				7614052D20502D1200AE1980 /* UIImage + Ext */,
			);
			path = Utilites;
			sourceTree = "<group>";
		};
		7614052D20502D1200AE1980 /* UIImage + Ext */ = {
			isa = PBXGroup;
			children = (
				7614052A205024D900AE1980 /* UIImage + Ext.h */,
				7614052B205024D900AE1980 /* UIImage + Ext.m */,
			);
			path = "UIImage + Ext";
			sourceTree = "<group>";
		};
		7614052E20502D5E00AE1980 /* ImageProcessor */ = {
			isa = PBXGroup;
			children = (
				7614052F20502D7C00AE1980 /* SIPImageProcessor.h */,
				7614053020502D7C00AE1980 /* SIPImageProcessor.m */,
				7614053620503FB400AE1980 /* SIPImageProcessorDelegate.h */,
			);
			path = ImageProcessor;
			sourceTree = "<group>";
		};
		7614053220503EEB00AE1980 /* ProcessedImage */ = {
			isa = PBXGroup;
			children = (
				7614053320503F1600AE1980 /* SIPProcessedObject.h */,
				7614053420503F1600AE1980 /* SIPProcessedObject.m */,
			);
			path = ProcessedImage;
			sourceTree = "<group>";
		};
		761405382053A74100AE1980 /* HUDMessage */ = {
			isa = PBXGroup;
			children = (
				761405392053A76E00AE1980 /* SIPHUDMessage.h */,
				7614053A2053A76E00AE1980 /* SIPHUDMessage.m */,
			);
			path = HUDMessage;
			sourceTree = "<group>";
		};
		7614053C20540A3C00AE1980 /* AppPermissionsChecker */ = {
			isa = PBXGroup;
			children = (
				7614053D20540A6300AE1980 /* SIPPermissionsChecker.h */,
				7614053E20540A6300AE1980 /* SIPPermissionsChecker.m */,
			);
			path = AppPermissionsChecker;
			sourceTree = "<group>";
		};
		761405402054134E00AE1980 /* UIAlertController + Ext */ = {
			isa = PBXGroup;
			children = (
				761405412054137600AE1980 /* UIAlertViewController + Ext.h */,
				761405422054137600AE1980 /* UIAlertViewController + Ext.m */,
			);
			path = "UIAlertController + Ext";
			sourceTree = "<group>";
		};
		76932277204D9E040066DDA9 = {
			isa = PBXGroup;
			children = (
				76932282204D9E040066DDA9 /* Sibers Image Processor */,
				76932281204D9E040066DDA9 /* Products */,
			);
			sourceTree = "<group>";
		};
		76932281204D9E040066DDA9 /* Products */ = {
			isa = PBXGroup;
			children = (
				76932280204D9E040066DDA9 /* Sibers Image Processor.app */,
			);
			name = Products;
			sourceTree = "<group>";
		};
		76932282204D9E040066DDA9 /* Sibers Image Processor */ = {
			isa = PBXGroup;
			children = (
				761405292050249C00AE1980 /* Utilites */,
				76140524204FC91400AE1980 /* Classes */,
				76BA9EC9204F899700A1DEB8 /* AppDelegate */,
				76BA9EC7204F879000A1DEB8 /* Views */,
				76BA9EC2204F851700A1DEB8 /* ViewControllers */,
				7693228C204D9E040066DDA9 /* Assets.xcassets */,
				76BA9ECA204F89A400A1DEB8 /* Support files */,
			);
			path = "Sibers Image Processor";
			sourceTree = "<group>";
		};
		76BA9EC2204F851700A1DEB8 /* ViewControllers */ = {
			isa = PBXGroup;
			children = (
				76BA9EC3204F852B00A1DEB8 /* FiltersHistory */,
			);
			path = ViewControllers;
			sourceTree = "<group>";
		};
		76BA9EC3204F852B00A1DEB8 /* FiltersHistory */ = {
			isa = PBXGroup;
			children = (
				76BA9EBD204F851100A1DEB8 /* SIPFiltersHistoryVC.h */,
				76BA9EBF204F851100A1DEB8 /* SIPFiltersHistoryVC.xib */,
				76BA9EBE204F851100A1DEB8 /* SIPFiltersHistoryVC.m */,
			);
			path = FiltersHistory;
			sourceTree = "<group>";
		};
		76BA9EC7204F879000A1DEB8 /* Views */ = {
			isa = PBXGroup;
			children = (
				761405382053A74100AE1980 /* HUDMessage */,
				76BA9EC8204F879F00A1DEB8 /* FilterButton */,
				76BA9ED0204FA23F00A1DEB8 /* FiltersHistoryCell */,
			);
			path = Views;
			sourceTree = "<group>";
		};
		76BA9EC8204F879F00A1DEB8 /* FilterButton */ = {
			isa = PBXGroup;
			children = (
				76BA9EC4204F878600A1DEB8 /* SIPFilterButton.h */,
				76BA9EC5204F878600A1DEB8 /* SIPFilterButton.m */,
			);
			path = FilterButton;
			sourceTree = "<group>";
		};
		76BA9EC9204F899700A1DEB8 /* AppDelegate */ = {
			isa = PBXGroup;
			children = (
				76932283204D9E040066DDA9 /* AppDelegate.h */,
				76932284204D9E040066DDA9 /* AppDelegate.m */,
			);
			path = AppDelegate;
			sourceTree = "<group>";
		};
		76BA9ECA204F89A400A1DEB8 /* Support files */ = {
			isa = PBXGroup;
			children = (
				7693228E204D9E040066DDA9 /* LaunchScreen.storyboard */,
				76932291204D9E040066DDA9 /* Info.plist */,
				76932292204D9E040066DDA9 /* main.m */,
				76E4348B20541FE4000B5F20 /* Localizable.strings */,
			);
			path = "Support files";
			sourceTree = "<group>";
		};
		76BA9ED0204FA23F00A1DEB8 /* FiltersHistoryCell */ = {
			isa = PBXGroup;
			children = (
				76BA9ECC204FA23A00A1DEB8 /* SIPFiltersHistoryCell.m */,
				76BA9ECD204FA23A00A1DEB8 /* SIPFiltersHistoryCell.xib */,
				76BA9ECB204FA23A00A1DEB8 /* SIPFiltersHistoryCell.h */,
			);
			path = FiltersHistoryCell;
			sourceTree = "<group>";
		};
/* End PBXGroup section */

/* Begin PBXNativeTarget section */
		7693227F204D9E040066DDA9 /* Sibers Image Processor */ = {
			isa = PBXNativeTarget;
			buildConfigurationList = 76932296204D9E040066DDA9 /* Build configuration list for PBXNativeTarget "Sibers Image Processor" */;
			buildPhases = (
				7693227C204D9E040066DDA9 /* Sources */,
				7693227D204D9E040066DDA9 /* Frameworks */,
				7693227E204D9E040066DDA9 /* Resources */,
			);
			buildRules = (
			);
			dependencies = (
			);
			name = "Sibers Image Processor";
			productName = "Sibers Image Processor";
			productReference = 76932280204D9E040066DDA9 /* Sibers Image Processor.app */;
			productType = "com.apple.product-type.application";
		};
/* End PBXNativeTarget section */

/* Begin PBXProject section */
		76932278204D9E040066DDA9 /* Project object */ = {
			isa = PBXProject;
			attributes = {
				CLASSPREFIX = SIP;
				LastUpgradeCheck = 0920;
				ORGANIZATIONNAME = "Taras Minin";
				TargetAttributes = {
					7693227F204D9E040066DDA9 = {
						CreatedOnToolsVersion = 9.2;
						ProvisioningStyle = Automatic;
					};
				};
			};
			buildConfigurationList = 7693227B204D9E040066DDA9 /* Build configuration list for PBXProject "Sibers Image Processor" */;
			compatibilityVersion = "Xcode 8.0";
			developmentRegion = en;
			hasScannedForEncodings = 0;
			knownRegions = (
				en,
				Base,
				ru,
			);
			mainGroup = 76932277204D9E040066DDA9;
			productRefGroup = 76932281204D9E040066DDA9 /* Products */;
			projectDirPath = "";
			projectRoot = "";
			targets = (
				7693227F204D9E040066DDA9 /* Sibers Image Processor */,
			);
		};
/* End PBXProject section */

/* Begin PBXResourcesBuildPhase section */
		7693227E204D9E040066DDA9 /* Resources */ = {
			isa = PBXResourcesBuildPhase;
			buildActionMask = 2147483647;
			files = (
				76E4348920541FE4000B5F20 /* Localizable.strings in Resources */,
				76932290204D9E040066DDA9 /* LaunchScreen.storyboard in Resources */,
				76BA9ECF204FA23A00A1DEB8 /* SIPFiltersHistoryCell.xib in Resources */,
				7693228D204D9E040066DDA9 /* Assets.xcassets in Resources */,
				76BA9EC1204F851100A1DEB8 /* SIPFiltersHistoryVC.xib in Resources */,
			);
			runOnlyForDeploymentPostprocessing = 0;
		};
/* End PBXResourcesBuildPhase section */

/* Begin PBXSourcesBuildPhase section */
		7693227C204D9E040066DDA9 /* Sources */ = {
			isa = PBXSourcesBuildPhase;
			buildActionMask = 2147483647;
			files = (
				76BA9EC0204F851100A1DEB8 /* SIPFiltersHistoryVC.m in Sources */,
				76932293204D9E040066DDA9 /* main.m in Sources */,
				7614053520503F1600AE1980 /* SIPProcessedObject.m in Sources */,
				76BA9ECE204FA23A00A1DEB8 /* SIPFiltersHistoryCell.m in Sources */,
				76BA9EC6204F878600A1DEB8 /* SIPFilterButton.m in Sources */,
				761405432054137600AE1980 /* UIAlertViewController + Ext.m in Sources */,
				76140527204FC93900AE1980 /* SIPPhotoPickerViewController.m in Sources */,
				7614053120502D7C00AE1980 /* SIPImageProcessor.m in Sources */,
				76932285204D9E040066DDA9 /* AppDelegate.m in Sources */,
				7614053F20540A6300AE1980 /* SIPPermissionsChecker.m in Sources */,
				7614053B2053A76E00AE1980 /* SIPHUDMessage.m in Sources */,
				7614052C205024D900AE1980 /* UIImage + Ext.m in Sources */,
			);
			runOnlyForDeploymentPostprocessing = 0;
		};
/* End PBXSourcesBuildPhase section */

/* Begin PBXVariantGroup section */
		7693228E204D9E040066DDA9 /* LaunchScreen.storyboard */ = {
			isa = PBXVariantGroup;
			children = (
				7693228F204D9E040066DDA9 /* Base */,
				768879E42054228400652177 /* ru */,
			);
			name = LaunchScreen.storyboard;
			sourceTree = "<group>";
		};
		76E4348B20541FE4000B5F20 /* Localizable.strings */ = {
			isa = PBXVariantGroup;
			children = (
				76E4348A20541FE4000B5F20 /* en */,
				768879E52054228400652177 /* ru */,
			);
			name = Localizable.strings;
			sourceTree = "<group>";
		};
/* End PBXVariantGroup section */

/* Begin XCBuildConfiguration section */
		76932294204D9E040066DDA9 /* Debug */ = {
			isa = XCBuildConfiguration;
			buildSettings = {
				ALWAYS_SEARCH_USER_PATHS = NO;
				CLANG_ANALYZER_LOCALIZABILITY_NONLOCALIZED = YES;
				CLANG_ANALYZER_NONNULL = YES;
				CLANG_ANALYZER_NUMBER_OBJECT_CONVERSION = YES_AGGRESSIVE;
				CLANG_CXX_LANGUAGE_STANDARD = "gnu++14";
				CLANG_CXX_LIBRARY = "libc++";
				CLANG_ENABLE_MODULES = YES;
				CLANG_ENABLE_OBJC_ARC = YES;
				CLANG_WARN_BLOCK_CAPTURE_AUTORELEASING = YES;
				CLANG_WARN_BOOL_CONVERSION = YES;
				CLANG_WARN_COMMA = YES;
				CLANG_WARN_CONSTANT_CONVERSION = YES;
				CLANG_WARN_DIRECT_OBJC_ISA_USAGE = YES_ERROR;
				CLANG_WARN_DOCUMENTATION_COMMENTS = YES;
				CLANG_WARN_EMPTY_BODY = YES;
				CLANG_WARN_ENUM_CONVERSION = YES;
				CLANG_WARN_INFINITE_RECURSION = YES;
				CLANG_WARN_INT_CONVERSION = YES;
				CLANG_WARN_NON_LITERAL_NULL_CONVERSION = YES;
				CLANG_WARN_OBJC_LITERAL_CONVERSION = YES;
				CLANG_WARN_OBJC_ROOT_CLASS = YES_ERROR;
				CLANG_WARN_RANGE_LOOP_ANALYSIS = YES;
				CLANG_WARN_STRICT_PROTOTYPES = YES;
				CLANG_WARN_SUSPICIOUS_MOVE = YES;
				CLANG_WARN_UNGUARDED_AVAILABILITY = YES_AGGRESSIVE;
				CLANG_WARN_UNREACHABLE_CODE = YES;
				CLANG_WARN__DUPLICATE_METHOD_MATCH = YES;
				CODE_SIGN_IDENTITY = "iPhone Developer";
				COPY_PHASE_STRIP = NO;
				DEBUG_INFORMATION_FORMAT = dwarf;
				ENABLE_STRICT_OBJC_MSGSEND = YES;
				ENABLE_TESTABILITY = YES;
				GCC_C_LANGUAGE_STANDARD = gnu11;
				GCC_DYNAMIC_NO_PIC = NO;
				GCC_NO_COMMON_BLOCKS = YES;
				GCC_OPTIMIZATION_LEVEL = 0;
				GCC_PREPROCESSOR_DEFINITIONS = (
					"DEBUG=1",
					"$(inherited)",
				);
				GCC_WARN_64_TO_32_BIT_CONVERSION = YES;
				GCC_WARN_ABOUT_RETURN_TYPE = YES_ERROR;
				GCC_WARN_UNDECLARED_SELECTOR = YES;
				GCC_WARN_UNINITIALIZED_AUTOS = YES_AGGRESSIVE;
				GCC_WARN_UNUSED_FUNCTION = YES;
				GCC_WARN_UNUSED_VARIABLE = YES;
				IPHONEOS_DEPLOYMENT_TARGET = 9.0;
				MTL_ENABLE_DEBUG_INFO = YES;
				ONLY_ACTIVE_ARCH = YES;
				SDKROOT = iphoneos;
			};
			name = Debug;
		};
		76932295204D9E040066DDA9 /* Release */ = {
			isa = XCBuildConfiguration;
			buildSettings = {
				ALWAYS_SEARCH_USER_PATHS = NO;
				CLANG_ANALYZER_LOCALIZABILITY_NONLOCALIZED = YES;
				CLANG_ANALYZER_NONNULL = YES;
				CLANG_ANALYZER_NUMBER_OBJECT_CONVERSION = YES_AGGRESSIVE;
				CLANG_CXX_LANGUAGE_STANDARD = "gnu++14";
				CLANG_CXX_LIBRARY = "libc++";
				CLANG_ENABLE_MODULES = YES;
				CLANG_ENABLE_OBJC_ARC = YES;
				CLANG_WARN_BLOCK_CAPTURE_AUTORELEASING = YES;
				CLANG_WARN_BOOL_CONVERSION = YES;
				CLANG_WARN_COMMA = YES;
				CLANG_WARN_CONSTANT_CONVERSION = YES;
				CLANG_WARN_DIRECT_OBJC_ISA_USAGE = YES_ERROR;
				CLANG_WARN_DOCUMENTATION_COMMENTS = YES;
				CLANG_WARN_EMPTY_BODY = YES;
				CLANG_WARN_ENUM_CONVERSION = YES;
				CLANG_WARN_INFINITE_RECURSION = YES;
				CLANG_WARN_INT_CONVERSION = YES;
				CLANG_WARN_NON_LITERAL_NULL_CONVERSION = YES;
				CLANG_WARN_OBJC_LITERAL_CONVERSION = YES;
				CLANG_WARN_OBJC_ROOT_CLASS = YES_ERROR;
				CLANG_WARN_RANGE_LOOP_ANALYSIS = YES;
				CLANG_WARN_STRICT_PROTOTYPES = YES;
				CLANG_WARN_SUSPICIOUS_MOVE = YES;
				CLANG_WARN_UNGUARDED_AVAILABILITY = YES_AGGRESSIVE;
				CLANG_WARN_UNREACHABLE_CODE = YES;
				CLANG_WARN__DUPLICATE_METHOD_MATCH = YES;
				CODE_SIGN_IDENTITY = "iPhone Developer";
				COPY_PHASE_STRIP = NO;
				DEBUG_INFORMATION_FORMAT = "dwarf-with-dsym";
				ENABLE_NS_ASSERTIONS = NO;
				ENABLE_STRICT_OBJC_MSGSEND = YES;
				GCC_C_LANGUAGE_STANDARD = gnu11;
				GCC_NO_COMMON_BLOCKS = YES;
				GCC_WARN_64_TO_32_BIT_CONVERSION = YES;
				GCC_WARN_ABOUT_RETURN_TYPE = YES_ERROR;
				GCC_WARN_UNDECLARED_SELECTOR = YES;
				GCC_WARN_UNINITIALIZED_AUTOS = YES_AGGRESSIVE;
				GCC_WARN_UNUSED_FUNCTION = YES;
				GCC_WARN_UNUSED_VARIABLE = YES;
				IPHONEOS_DEPLOYMENT_TARGET = 9.0;
				MTL_ENABLE_DEBUG_INFO = NO;
				SDKROOT = iphoneos;
				VALIDATE_PRODUCT = YES;
			};
			name = Release;
		};
		76932297204D9E040066DDA9 /* Debug */ = {
			isa = XCBuildConfiguration;
			buildSettings = {
				ASSETCATALOG_COMPILER_APPICON_NAME = AppIcon;
				CODE_SIGN_STYLE = Automatic;
				DEVELOPMENT_TEAM = D82HCVQN26;
				INFOPLIST_FILE = "$(SRCROOT)/Sibers Image Processor/Support files/Info.plist";
				IPHONEOS_DEPLOYMENT_TARGET = 9.0;
				LD_RUNPATH_SEARCH_PATHS = "$(inherited) @executable_path/Frameworks";
				PRODUCT_BUNDLE_IDENTIFIER = "com.tarmin.Sibers-Image-Processor";
				PRODUCT_NAME = "$(TARGET_NAME)";
				TARGETED_DEVICE_FAMILY = 1;
			};
			name = Debug;
		};
		76932298204D9E040066DDA9 /* Release */ = {
			isa = XCBuildConfiguration;
			buildSettings = {
				ASSETCATALOG_COMPILER_APPICON_NAME = AppIcon;
				CODE_SIGN_STYLE = Automatic;
				DEVELOPMENT_TEAM = D82HCVQN26;
				INFOPLIST_FILE = "$(SRCROOT)/Sibers Image Processor/Support files/Info.plist";
				IPHONEOS_DEPLOYMENT_TARGET = 9.0;
				LD_RUNPATH_SEARCH_PATHS = "$(inherited) @executable_path/Frameworks";
				PRODUCT_BUNDLE_IDENTIFIER = "com.tarmin.Sibers-Image-Processor";
				PRODUCT_NAME = "$(TARGET_NAME)";
				TARGETED_DEVICE_FAMILY = 1;
			};
			name = Release;
		};
/* End XCBuildConfiguration section */

/* Begin XCConfigurationList section */
		7693227B204D9E040066DDA9 /* Build configuration list for PBXProject "Sibers Image Processor" */ = {
			isa = XCConfigurationList;
			buildConfigurations = (
				76932294204D9E040066DDA9 /* Debug */,
				76932295204D9E040066DDA9 /* Release */,
			);
			defaultConfigurationIsVisible = 0;
			defaultConfigurationName = Release;
		};
		76932296204D9E040066DDA9 /* Build configuration list for PBXNativeTarget "Sibers Image Processor" */ = {
			isa = XCConfigurationList;
			buildConfigurations = (
				76932297204D9E040066DDA9 /* Debug */,
				76932298204D9E040066DDA9 /* Release */,
			);
			defaultConfigurationIsVisible = 0;
			defaultConfigurationName = Release;
		};
/* End XCConfigurationList section */
	};
	rootObject = 76932278204D9E040066DDA9 /* Project object */;
}
